
Microsoft Visual Studio Solution File, Format Version 12.00
# Visual Studio 15
VisualStudioVersion = 15.0.27703.2035
MinimumVisualStudioVersion = 10.0.40219.1
Project("{9A19103F-16F7-4668-BE54-9A1E7A4F7556}") = "ProjectEuler", "ConsoleApp\ProjectEuler.csproj", "{3037C29E-FEB3-4CA2-B971-F52E55D84652}"
EndProject
Global
	GlobalSection(SolutionConfigurationPlatforms) = preSolution
		Debug|Any CPU = Debug|Any CPU
		Release|Any CPU = Release|Any CPU
	EndGlobalSection
	GlobalSection(ProjectConfigurationPlatforms) = postSolution
		{3037C29E-FEB3-4CA2-B971-F52E55D84652}.Debug|Any CPU.ActiveCfg = Debug|Any CPU
		{3037C29E-FEB3-4CA2-B971-F52E55D84652}.Debug|Any CPU.Build.0 = Debug|Any CPU
		{3037C29E-FEB3-4CA2-B971-F52E55D84652}.Release|Any CPU.ActiveCfg = Release|Any CPU
		{3037C29E-FEB3-4CA2-B971-F52E55D84652}.Release|Any CPU.Build.0 = Release|Any CPU
	EndGlobalSection
	GlobalSection(SolutionProperties) = preSolution
		HideSolutionNode = FALSE
	EndGlobalSection
	GlobalSection(ExtensibilityGlobals) = postSolution
		SolutionGuid = {D7C2D8CF-6324-4CE4-911B-107917E44C24}
	EndGlobalSection
EndGlobal
